// !$*UTF8*$!
{
	archiveVersion = 1;
	classes = {
	};
	objectVersion = 56;
	objects = {

/* Begin PBXBuildFile section */
		7551C82B29383A06001DDB93 /* ReferencesApp.swift in Sources */ = {isa = PBXBuildFile; fileRef = 7551C82A29383A06001DDB93 /* ReferencesApp.swift */; };
		7551C82D29383A06001DDB93 /* ContentView.swift in Sources */ = {isa = PBXBuildFile; fileRef = 7551C82C29383A06001DDB93 /* ContentView.swift */; };
		7551C82F29383A08001DDB93 /* Assets.xcassets in Resources */ = {isa = PBXBuildFile; fileRef = 7551C82E29383A08001DDB93 /* Assets.xcassets */; };
		7551C83229383A08001DDB93 /* Preview Assets.xcassets in Resources */ = {isa = PBXBuildFile; fileRef = 7551C83129383A08001DDB93 /* Preview Assets.xcassets */; };
		7551C83929383A35001DDB93 /* BookNetworkingService.swift in Sources */ = {isa = PBXBuildFile; fileRef = 7551C83829383A35001DDB93 /* BookNetworkingService.swift */; };
		7551C83B29390104001DDB93 /* MyBookshelfView.swift in Sources */ = {isa = PBXBuildFile; fileRef = 7551C83A29390104001DDB93 /* MyBookshelfView.swift */; };
		7551C83D2939062D001DDB93 /* Colors.swift in Sources */ = {isa = PBXBuildFile; fileRef = 7551C83C2939062D001DDB93 /* Colors.swift */; };
		7551C83F293908A9001DDB93 /* HomeView.swift in Sources */ = {isa = PBXBuildFile; fileRef = 7551C83E293908A9001DDB93 /* HomeView.swift */; };
		7551C84129390BE2001DDB93 /* BookCell.swift in Sources */ = {isa = PBXBuildFile; fileRef = 7551C84029390BE2001DDB93 /* BookCell.swift */; };
		7551C85029393751001DDB93 /* BookList.swift in Sources */ = {isa = PBXBuildFile; fileRef = 7551C84F29393751001DDB93 /* BookList.swift */; };
		7551C85529396D3D001DDB93 /* BookListViewModel.swift in Sources */ = {isa = PBXBuildFile; fileRef = 7551C85429396D3D001DDB93 /* BookListViewModel.swift */; };
		75EA324B293988570052DB46 /* Book.swift in Sources */ = {isa = PBXBuildFile; fileRef = 75EA324A293988570052DB46 /* Book.swift */; };
		75EA324D293988DB0052DB46 /* ApiStatusCodingKeys.swift in Sources */ = {isa = PBXBuildFile; fileRef = 75EA324C293988DB0052DB46 /* ApiStatusCodingKeys.swift */; };
		75EA32502939896C0052DB46 /* ResponseDTO.swift in Sources */ = {isa = PBXBuildFile; fileRef = 75EA324F2939896C0052DB46 /* ResponseDTO.swift */; };
		75EA3252293989910052DB46 /* ApiError.swift in Sources */ = {isa = PBXBuildFile; fileRef = 75EA3251293989910052DB46 /* ApiError.swift */; };
		75EA325629398A420052DB46 /* BookEndpoint.swift in Sources */ = {isa = PBXBuildFile; fileRef = 75EA325529398A420052DB46 /* BookEndpoint.swift */; };
		75EA325929398D040052DB46 /* Extension + URLSession.swift in Sources */ = {isa = PBXBuildFile; fileRef = 75EA325829398D040052DB46 /* Extension + URLSession.swift */; };
		75EA325F293A25A30052DB46 /* BookImagesSize.swift in Sources */ = {isa = PBXBuildFile; fileRef = 75EA325E293A25A30052DB46 /* BookImagesSize.swift */; };
		75EA3261293A29810052DB46 /* BookImages.swift in Sources */ = {isa = PBXBuildFile; fileRef = 75EA3260293A29810052DB46 /* BookImages.swift */; };
		D7FAEE3229397D9800920161 /* ApiEndpoint.swift in Sources */ = {isa = PBXBuildFile; fileRef = D7FAEE3129397D9800920161 /* ApiEndpoint.swift */; };
/* End PBXBuildFile section */

/* Begin PBXFileReference section */
		7551C82729383A06001DDB93 /* References.app */ = {isa = PBXFileReference; explicitFileType = wrapper.application; includeInIndex = 0; path = References.app; sourceTree = BUILT_PRODUCTS_DIR; };
		7551C82A29383A06001DDB93 /* ReferencesApp.swift */ = {isa = PBXFileReference; lastKnownFileType = sourcecode.swift; path = ReferencesApp.swift; sourceTree = "<group>"; };
		7551C82C29383A06001DDB93 /* ContentView.swift */ = {isa = PBXFileReference; lastKnownFileType = sourcecode.swift; path = ContentView.swift; sourceTree = "<group>"; };
		7551C82E29383A08001DDB93 /* Assets.xcassets */ = {isa = PBXFileReference; lastKnownFileType = folder.assetcatalog; path = Assets.xcassets; sourceTree = "<group>"; };
		7551C83129383A08001DDB93 /* Preview Assets.xcassets */ = {isa = PBXFileReference; lastKnownFileType = folder.assetcatalog; path = "Preview Assets.xcassets"; sourceTree = "<group>"; };
		7551C83829383A35001DDB93 /* BookNetworkingService.swift */ = {isa = PBXFileReference; lastKnownFileType = sourcecode.swift; path = BookNetworkingService.swift; sourceTree = "<group>"; };
		7551C83A29390104001DDB93 /* MyBookshelfView.swift */ = {isa = PBXFileReference; lastKnownFileType = sourcecode.swift; path = MyBookshelfView.swift; sourceTree = "<group>"; };
		7551C83C2939062D001DDB93 /* Colors.swift */ = {isa = PBXFileReference; lastKnownFileType = sourcecode.swift; path = Colors.swift; sourceTree = "<group>"; };
		7551C83E293908A9001DDB93 /* HomeView.swift */ = {isa = PBXFileReference; lastKnownFileType = sourcecode.swift; path = HomeView.swift; sourceTree = "<group>"; };
		7551C84029390BE2001DDB93 /* BookCell.swift */ = {isa = PBXFileReference; lastKnownFileType = sourcecode.swift; path = BookCell.swift; sourceTree = "<group>"; };
		7551C84F29393751001DDB93 /* BookList.swift */ = {isa = PBXFileReference; lastKnownFileType = sourcecode.swift; path = BookList.swift; sourceTree = "<group>"; };
		7551C85429396D3D001DDB93 /* BookListViewModel.swift */ = {isa = PBXFileReference; lastKnownFileType = sourcecode.swift; path = BookListViewModel.swift; sourceTree = "<group>"; };
		75EA324A293988570052DB46 /* Book.swift */ = {isa = PBXFileReference; lastKnownFileType = sourcecode.swift; path = Book.swift; sourceTree = "<group>"; };
		75EA324C293988DB0052DB46 /* ApiStatusCodingKeys.swift */ = {isa = PBXFileReference; lastKnownFileType = sourcecode.swift; path = ApiStatusCodingKeys.swift; sourceTree = "<group>"; };
		75EA324F2939896C0052DB46 /* ResponseDTO.swift */ = {isa = PBXFileReference; lastKnownFileType = sourcecode.swift; path = ResponseDTO.swift; sourceTree = "<group>"; };
		75EA3251293989910052DB46 /* ApiError.swift */ = {isa = PBXFileReference; lastKnownFileType = sourcecode.swift; path = ApiError.swift; sourceTree = "<group>"; };
		75EA325529398A420052DB46 /* BookEndpoint.swift */ = {isa = PBXFileReference; lastKnownFileType = sourcecode.swift; path = BookEndpoint.swift; sourceTree = "<group>"; };
		75EA325829398D040052DB46 /* Extension + URLSession.swift */ = {isa = PBXFileReference; lastKnownFileType = sourcecode.swift; path = "Extension + URLSession.swift"; sourceTree = "<group>"; };
		75EA325E293A25A30052DB46 /* BookImagesSize.swift */ = {isa = PBXFileReference; lastKnownFileType = sourcecode.swift; path = BookImagesSize.swift; sourceTree = "<group>"; };
		75EA3260293A29810052DB46 /* BookImages.swift */ = {isa = PBXFileReference; lastKnownFileType = sourcecode.swift; path = BookImages.swift; sourceTree = "<group>"; };
		D7FAEE3129397D9800920161 /* ApiEndpoint.swift */ = {isa = PBXFileReference; lastKnownFileType = sourcecode.swift; path = ApiEndpoint.swift; sourceTree = "<group>"; };
/* End PBXFileReference section */

/* Begin PBXFrameworksBuildPhase section */
		7551C82429383A06001DDB93 /* Frameworks */ = {
			isa = PBXFrameworksBuildPhase;
			buildActionMask = 2147483647;
			files = (
			);
			runOnlyForDeploymentPostprocessing = 0;
		};
/* End PBXFrameworksBuildPhase section */

/* Begin PBXGroup section */
		7551C81E29383A06001DDB93 = {
			isa = PBXGroup;
			children = (
				7551C82929383A06001DDB93 /* References */,
				7551C82829383A06001DDB93 /* Products */,
			);
			sourceTree = "<group>";
		};
		7551C82829383A06001DDB93 /* Products */ = {
			isa = PBXGroup;
			children = (
				7551C82729383A06001DDB93 /* References.app */,
			);
			name = Products;
			sourceTree = "<group>";
		};
		7551C82929383A06001DDB93 /* References */ = {
			isa = PBXGroup;
			children = (
				7551C82A29383A06001DDB93 /* ReferencesApp.swift */,
				7551C84B29390E57001DDB93 /* Networking */,
				7551C84529390CF0001DDB93 /* Views */,
				7551C84429390CEB001DDB93 /* Models */,
				7551C82E29383A08001DDB93 /* Assets.xcassets */,
				7551C83029383A08001DDB93 /* Preview Content */,
			);
			path = References;
			sourceTree = "<group>";
		};
		7551C83029383A08001DDB93 /* Preview Content */ = {
			isa = PBXGroup;
			children = (
				7551C83129383A08001DDB93 /* Preview Assets.xcassets */,
			);
			path = "Preview Content";
			sourceTree = "<group>";
		};
		7551C84429390CEB001DDB93 /* Models */ = {
			isa = PBXGroup;
			children = (
				75EA3260293A29810052DB46 /* BookImages.swift */,
				7551C84F29393751001DDB93 /* BookList.swift */,
				75EA324A293988570052DB46 /* Book.swift */,
				75EA325E293A25A30052DB46 /* BookImagesSize.swift */,
			);
			path = Models;
			sourceTree = "<group>";
		};
		7551C84529390CF0001DDB93 /* Views */ = {
			isa = PBXGroup;
			children = (
				75EA325B29398D690052DB46 /* Common */,
				7551C84C29391E7A001DDB93 /* BookShelf */,
				7551C83E293908A9001DDB93 /* HomeView.swift */,
				7551C82C29383A06001DDB93 /* ContentView.swift */,
			);
			path = Views;
			sourceTree = "<group>";
		};
		7551C84629390CF8001DDB93 /* UIComponents */ = {
			isa = PBXGroup;
			children = (
				7551C84029390BE2001DDB93 /* BookCell.swift */,
				7551C83C2939062D001DDB93 /* Colors.swift */,
			);
			path = UIComponents;
			sourceTree = "<group>";
		};
		7551C84B29390E57001DDB93 /* Networking */ = {
			isa = PBXGroup;
			children = (
				75EA3251293989910052DB46 /* ApiError.swift */,
				75EA324C293988DB0052DB46 /* ApiStatusCodingKeys.swift */,
				D7FAEE3129397D9800920161 /* ApiEndpoint.swift */,
				75EA324F2939896C0052DB46 /* ResponseDTO.swift */,
				75EA325729398A5A0052DB46 /* Book */,
				75EA325A29398D380052DB46 /* Extensions */,
			);
			path = Networking;
			sourceTree = "<group>";
		};
		7551C84C29391E7A001DDB93 /* BookShelf */ = {
			isa = PBXGroup;
			children = (
				7551C85429396D3D001DDB93 /* BookListViewModel.swift */,
				7551C83A29390104001DDB93 /* MyBookshelfView.swift */,
			);
			path = BookShelf;
			sourceTree = "<group>";
		};
		75EA325729398A5A0052DB46 /* Book */ = {
			isa = PBXGroup;
			children = (
				75EA325529398A420052DB46 /* BookEndpoint.swift */,
				7551C83829383A35001DDB93 /* BookNetworkingService.swift */,
			);
			path = Book;
			sourceTree = "<group>";
		};
		75EA325A29398D380052DB46 /* Extensions */ = {
			isa = PBXGroup;
			children = (
				75EA325829398D040052DB46 /* Extension + URLSession.swift */,
			);
			path = Extensions;
			sourceTree = "<group>";
		};
		75EA325B29398D690052DB46 /* Common */ = {
			isa = PBXGroup;
			children = (
				7551C84629390CF8001DDB93 /* UIComponents */,
			);
			path = Common;
			sourceTree = "<group>";
		};
/* End PBXGroup section */

/* Begin PBXNativeTarget section */
		7551C82629383A06001DDB93 /* References */ = {
			isa = PBXNativeTarget;
			buildConfigurationList = 7551C83529383A08001DDB93 /* Build configuration list for PBXNativeTarget "References" */;
			buildPhases = (
				7551C82329383A06001DDB93 /* Sources */,
				7551C82429383A06001DDB93 /* Frameworks */,
				7551C82529383A06001DDB93 /* Resources */,
			);
			buildRules = (
			);
			dependencies = (
			);
			name = References;
			productName = References;
			productReference = 7551C82729383A06001DDB93 /* References.app */;
			productType = "com.apple.product-type.application";
		};
/* End PBXNativeTarget section */

/* Begin PBXProject section */
		7551C81F29383A06001DDB93 /* Project object */ = {
			isa = PBXProject;
			attributes = {
				BuildIndependentTargetsInParallel = 1;
				LastSwiftUpdateCheck = 1400;
				LastUpgradeCheck = 1400;
				TargetAttributes = {
					7551C82629383A06001DDB93 = {
						CreatedOnToolsVersion = 14.0;
					};
				};
			};
			buildConfigurationList = 7551C82229383A06001DDB93 /* Build configuration list for PBXProject "References" */;
			compatibilityVersion = "Xcode 14.0";
			developmentRegion = en;
			hasScannedForEncodings = 0;
			knownRegions = (
				en,
				Base,
			);
			mainGroup = 7551C81E29383A06001DDB93;
			productRefGroup = 7551C82829383A06001DDB93 /* Products */;
			projectDirPath = "";
			projectRoot = "";
			targets = (
				7551C82629383A06001DDB93 /* References */,
			);
		};
/* End PBXProject section */

/* Begin PBXResourcesBuildPhase section */
		7551C82529383A06001DDB93 /* Resources */ = {
			isa = PBXResourcesBuildPhase;
			buildActionMask = 2147483647;
			files = (
				7551C83229383A08001DDB93 /* Preview Assets.xcassets in Resources */,
				7551C82F29383A08001DDB93 /* Assets.xcassets in Resources */,
			);
			runOnlyForDeploymentPostprocessing = 0;
		};
/* End PBXResourcesBuildPhase section */

/* Begin PBXSourcesBuildPhase section */
		7551C82329383A06001DDB93 /* Sources */ = {
			isa = PBXSourcesBuildPhase;
			buildActionMask = 2147483647;
			files = (
				75EA325929398D040052DB46 /* Extension + URLSession.swift in Sources */,
				7551C85029393751001DDB93 /* BookList.swift in Sources */,
				75EA324B293988570052DB46 /* Book.swift in Sources */,
				D7FAEE3229397D9800920161 /* ApiEndpoint.swift in Sources */,
				7551C83B29390104001DDB93 /* MyBookshelfView.swift in Sources */,
				7551C83929383A35001DDB93 /* BookNetworkingService.swift in Sources */,
				7551C83F293908A9001DDB93 /* HomeView.swift in Sources */,
				75EA325F293A25A30052DB46 /* BookImagesSize.swift in Sources */,
				75EA3261293A29810052DB46 /* BookImages.swift in Sources */,
				7551C84129390BE2001DDB93 /* BookCell.swift in Sources */,
				75EA32502939896C0052DB46 /* ResponseDTO.swift in Sources */,
				75EA324D293988DB0052DB46 /* ApiStatusCodingKeys.swift in Sources */,
				75EA325629398A420052DB46 /* BookEndpoint.swift in Sources */,
				7551C82D29383A06001DDB93 /* ContentView.swift in Sources */,
				7551C83D2939062D001DDB93 /* Colors.swift in Sources */,
				75EA3252293989910052DB46 /* ApiError.swift in Sources */,
				7551C85529396D3D001DDB93 /* BookListViewModel.swift in Sources */,
				7551C82B29383A06001DDB93 /* ReferencesApp.swift in Sources */,
			);
			runOnlyForDeploymentPostprocessing = 0;
		};
/* End PBXSourcesBuildPhase section */

/* Begin XCBuildConfiguration section */
		7551C83329383A08001DDB93 /* Debug */ = {
			isa = XCBuildConfiguration;
			buildSettings = {
				ALWAYS_SEARCH_USER_PATHS = NO;
				CLANG_ANALYZER_NONNULL = YES;
				CLANG_ANALYZER_NUMBER_OBJECT_CONVERSION = YES_AGGRESSIVE;
				CLANG_CXX_LANGUAGE_STANDARD = "gnu++20";
				CLANG_ENABLE_MODULES = YES;
				CLANG_ENABLE_OBJC_ARC = YES;
				CLANG_ENABLE_OBJC_WEAK = YES;
				CLANG_WARN_BLOCK_CAPTURE_AUTORELEASING = YES;
				CLANG_WARN_BOOL_CONVERSION = YES;
				CLANG_WARN_COMMA = YES;
				CLANG_WARN_CONSTANT_CONVERSION = YES;
				CLANG_WARN_DEPRECATED_OBJC_IMPLEMENTATIONS = YES;
				CLANG_WARN_DIRECT_OBJC_ISA_USAGE = YES_ERROR;
				CLANG_WARN_DOCUMENTATION_COMMENTS = YES;
				CLANG_WARN_EMPTY_BODY = YES;
				CLANG_WARN_ENUM_CONVERSION = YES;
				CLANG_WARN_INFINITE_RECURSION = YES;
				CLANG_WARN_INT_CONVERSION = YES;
				CLANG_WARN_NON_LITERAL_NULL_CONVERSION = YES;
				CLANG_WARN_OBJC_IMPLICIT_RETAIN_SELF = YES;
				CLANG_WARN_OBJC_LITERAL_CONVERSION = YES;
				CLANG_WARN_OBJC_ROOT_CLASS = YES_ERROR;
				CLANG_WARN_QUOTED_INCLUDE_IN_FRAMEWORK_HEADER = YES;
				CLANG_WARN_RANGE_LOOP_ANALYSIS = YES;
				CLANG_WARN_STRICT_PROTOTYPES = YES;
				CLANG_WARN_SUSPICIOUS_MOVE = YES;
				CLANG_WARN_UNGUARDED_AVAILABILITY = YES_AGGRESSIVE;
				CLANG_WARN_UNREACHABLE_CODE = YES;
				CLANG_WARN__DUPLICATE_METHOD_MATCH = YES;
				COPY_PHASE_STRIP = NO;
				DEBUG_INFORMATION_FORMAT = dwarf;
				ENABLE_STRICT_OBJC_MSGSEND = YES;
				ENABLE_TESTABILITY = YES;
				GCC_C_LANGUAGE_STANDARD = gnu11;
				GCC_DYNAMIC_NO_PIC = NO;
				GCC_NO_COMMON_BLOCKS = YES;
				GCC_OPTIMIZATION_LEVEL = 0;
				GCC_PREPROCESSOR_DEFINITIONS = (
					"DEBUG=1",
					"$(inherited)",
				);
				GCC_WARN_64_TO_32_BIT_CONVERSION = YES;
				GCC_WARN_ABOUT_RETURN_TYPE = YES_ERROR;
				GCC_WARN_UNDECLARED_SELECTOR = YES;
				GCC_WARN_UNINITIALIZED_AUTOS = YES_AGGRESSIVE;
				GCC_WARN_UNUSED_FUNCTION = YES;
				GCC_WARN_UNUSED_VARIABLE = YES;
				IPHONEOS_DEPLOYMENT_TARGET = 16.0;
				MTL_ENABLE_DEBUG_INFO = INCLUDE_SOURCE;
				MTL_FAST_MATH = YES;
				ONLY_ACTIVE_ARCH = YES;
				SDKROOT = iphoneos;
				SWIFT_ACTIVE_COMPILATION_CONDITIONS = DEBUG;
				SWIFT_OPTIMIZATION_LEVEL = "-Onone";
			};
			name = Debug;
		};
		7551C83429383A08001DDB93 /* Release */ = {
			isa = XCBuildConfiguration;
			buildSettings = {
				ALWAYS_SEARCH_USER_PATHS = NO;
				CLANG_ANALYZER_NONNULL = YES;
				CLANG_ANALYZER_NUMBER_OBJECT_CONVERSION = YES_AGGRESSIVE;
				CLANG_CXX_LANGUAGE_STANDARD = "gnu++20";
				CLANG_ENABLE_MODULES = YES;
				CLANG_ENABLE_OBJC_ARC = YES;
				CLANG_ENABLE_OBJC_WEAK = YES;
				CLANG_WARN_BLOCK_CAPTURE_AUTORELEASING = YES;
				CLANG_WARN_BOOL_CONVERSION = YES;
				CLANG_WARN_COMMA = YES;
				CLANG_WARN_CONSTANT_CONVERSION = YES;
				CLANG_WARN_DEPRECATED_OBJC_IMPLEMENTATIONS = YES;
				CLANG_WARN_DIRECT_OBJC_ISA_USAGE = YES_ERROR;
				CLANG_WARN_DOCUMENTATION_COMMENTS = YES;
				CLANG_WARN_EMPTY_BODY = YES;
				CLANG_WARN_ENUM_CONVERSION = YES;
				CLANG_WARN_INFINITE_RECURSION = YES;
				CLANG_WARN_INT_CONVERSION = YES;
				CLANG_WARN_NON_LITERAL_NULL_CONVERSION = YES;
				CLANG_WARN_OBJC_IMPLICIT_RETAIN_SELF = YES;
				CLANG_WARN_OBJC_LITERAL_CONVERSION = YES;
				CLANG_WARN_OBJC_ROOT_CLASS = YES_ERROR;
				CLANG_WARN_QUOTED_INCLUDE_IN_FRAMEWORK_HEADER = YES;
				CLANG_WARN_RANGE_LOOP_ANALYSIS = YES;
				CLANG_WARN_STRICT_PROTOTYPES = YES;
				CLANG_WARN_SUSPICIOUS_MOVE = YES;
				CLANG_WARN_UNGUARDED_AVAILABILITY = YES_AGGRESSIVE;
				CLANG_WARN_UNREACHABLE_CODE = YES;
				CLANG_WARN__DUPLICATE_METHOD_MATCH = YES;
				COPY_PHASE_STRIP = NO;
				DEBUG_INFORMATION_FORMAT = "dwarf-with-dsym";
				ENABLE_NS_ASSERTIONS = NO;
				ENABLE_STRICT_OBJC_MSGSEND = YES;
				GCC_C_LANGUAGE_STANDARD = gnu11;
				GCC_NO_COMMON_BLOCKS = YES;
				GCC_WARN_64_TO_32_BIT_CONVERSION = YES;
				GCC_WARN_ABOUT_RETURN_TYPE = YES_ERROR;
				GCC_WARN_UNDECLARED_SELECTOR = YES;
				GCC_WARN_UNINITIALIZED_AUTOS = YES_AGGRESSIVE;
				GCC_WARN_UNUSED_FUNCTION = YES;
				GCC_WARN_UNUSED_VARIABLE = YES;
				IPHONEOS_DEPLOYMENT_TARGET = 16.0;
				MTL_ENABLE_DEBUG_INFO = NO;
				MTL_FAST_MATH = YES;
				SDKROOT = iphoneos;
				SWIFT_COMPILATION_MODE = wholemodule;
				SWIFT_OPTIMIZATION_LEVEL = "-O";
				VALIDATE_PRODUCT = YES;
			};
			name = Release;
		};
		7551C83629383A08001DDB93 /* Debug */ = {
			isa = XCBuildConfiguration;
			buildSettings = {
				ASSETCATALOG_COMPILER_APPICON_NAME = AppIcon;
				ASSETCATALOG_COMPILER_GLOBAL_ACCENT_COLOR_NAME = AccentColor;
				CODE_SIGN_STYLE = Automatic;
				CURRENT_PROJECT_VERSION = 1;
				DEVELOPMENT_ASSET_PATHS = "\"References/Preview Content\"";
				DEVELOPMENT_TEAM = C7K95G5W2H;
				ENABLE_PREVIEWS = YES;
				GENERATE_INFOPLIST_FILE = YES;
				INFOPLIST_KEY_UIApplicationSceneManifest_Generation = YES;
				INFOPLIST_KEY_UIApplicationSupportsIndirectInputEvents = YES;
				INFOPLIST_KEY_UILaunchScreen_Generation = YES;
				INFOPLIST_KEY_UISupportedInterfaceOrientations_iPad = "UIInterfaceOrientationPortrait UIInterfaceOrientationPortraitUpsideDown UIInterfaceOrientationLandscapeLeft UIInterfaceOrientationLandscapeRight";
				INFOPLIST_KEY_UISupportedInterfaceOrientations_iPhone = "UIInterfaceOrientationPortrait UIInterfaceOrientationLandscapeLeft UIInterfaceOrientationLandscapeRight";
				LD_RUNPATH_SEARCH_PATHS = (
					"$(inherited)",
					"@executable_path/Frameworks",
				);
				MARKETING_VERSION = 1.0;
				PRODUCT_BUNDLE_IDENTIFIER = com.pupper.readinglist.References;
				PRODUCT_NAME = "$(TARGET_NAME)";
				SWIFT_EMIT_LOC_STRINGS = YES;
				SWIFT_VERSION = 5.0;
				TARGETED_DEVICE_FAMILY = "1,2";
			};
			name = Debug;
		};
		7551C83729383A08001DDB93 /* Release */ = {
			isa = XCBuildConfiguration;
			buildSettings = {
				ASSETCATALOG_COMPILER_APPICON_NAME = AppIcon;
				ASSETCATALOG_COMPILER_GLOBAL_ACCENT_COLOR_NAME = AccentColor;
				CODE_SIGN_STYLE = Automatic;
				CURRENT_PROJECT_VERSION = 1;
				DEVELOPMENT_ASSET_PATHS = "\"References/Preview Content\"";
				DEVELOPMENT_TEAM = C7K95G5W2H;
				ENABLE_PREVIEWS = YES;
				GENERATE_INFOPLIST_FILE = YES;
				INFOPLIST_KEY_UIApplicationSceneManifest_Generation = YES;
				INFOPLIST_KEY_UIApplicationSupportsIndirectInputEvents = YES;
				INFOPLIST_KEY_UILaunchScreen_Generation = YES;
				INFOPLIST_KEY_UISupportedInterfaceOrientations_iPad = "UIInterfaceOrientationPortrait UIInterfaceOrientationPortraitUpsideDown UIInterfaceOrientationLandscapeLeft UIInterfaceOrientationLandscapeRight";
				INFOPLIST_KEY_UISupportedInterfaceOrientations_iPhone = "UIInterfaceOrientationPortrait UIInterfaceOrientationLandscapeLeft UIInterfaceOrientationLandscapeRight";
				LD_RUNPATH_SEARCH_PATHS = (
					"$(inherited)",
					"@executable_path/Frameworks",
				);
				MARKETING_VERSION = 1.0;
				PRODUCT_BUNDLE_IDENTIFIER = com.pupper.readinglist.References;
				PRODUCT_NAME = "$(TARGET_NAME)";
				SWIFT_EMIT_LOC_STRINGS = YES;
				SWIFT_VERSION = 5.0;
				TARGETED_DEVICE_FAMILY = "1,2";
			};
			name = Release;
		};
/* End XCBuildConfiguration section */

/* Begin XCConfigurationList section */
		7551C82229383A06001DDB93 /* Build configuration list for PBXProject "References" */ = {
			isa = XCConfigurationList;
			buildConfigurations = (
				7551C83329383A08001DDB93 /* Debug */,
				7551C83429383A08001DDB93 /* Release */,
			);
			defaultConfigurationIsVisible = 0;
			defaultConfigurationName = Release;
		};
		7551C83529383A08001DDB93 /* Build configuration list for PBXNativeTarget "References" */ = {
			isa = XCConfigurationList;
			buildConfigurations = (
				7551C83629383A08001DDB93 /* Debug */,
				7551C83729383A08001DDB93 /* Release */,
			);
			defaultConfigurationIsVisible = 0;
			defaultConfigurationName = Release;
		};
/* End XCConfigurationList section */
	};
	rootObject = 7551C81F29383A06001DDB93 /* Project object */;
}
